
Microsoft Visual Studio Solution File, Format Version 12.00
# Visual Studio Version 17
VisualStudioVersion = 17.1.32421.90
MinimumVisualStudioVersion = 10.0.40219.1
Project("{FAE04EC0-301F-11D3-BF4B-00C04F79EFBC}") = "TakimApp", "TakimApp\TakimApp.csproj", "{9C05B7AC-EF9B-44FB-9D82-0150B3C340A9}"
EndProject
Global
	GlobalSection(SolutionConfigurationPlatforms) = preSolution
		Debug|Any CPU = Debug|Any CPU
		Release|Any CPU = Release|Any CPU
	EndGlobalSection
	GlobalSection(ProjectConfigurationPlatforms) = postSolution
		{9C05B7AC-EF9B-44FB-9D82-0150B3C340A9}.Debug|Any CPU.ActiveCfg = Debug|Any CPU
		{9C05B7AC-EF9B-44FB-9D82-0150B3C340A9}.Debug|Any CPU.Build.0 = Debug|Any CPU
		{9C05B7AC-EF9B-44FB-9D82-0150B3C340A9}.Release|Any CPU.ActiveCfg = Release|Any CPU
		{9C05B7AC-EF9B-44FB-9D82-0150B3C340A9}.Release|Any CPU.Build.0 = Release|Any CPU
	EndGlobalSection
	GlobalSection(SolutionProperties) = preSolution
		HideSolutionNode = FALSE
	EndGlobalSection
	GlobalSection(ExtensibilityGlobals) = postSolution
		SolutionGuid = {FACE3A1C-6744-4C5C-A821-11CC8B3E43EE}
	EndGlobalSection
EndGlobal
